// !$*UTF8*$!
{
	archiveVersion = 1;
	classes = {
	};
	objectVersion = 50;
	objects = {

/* Begin PBXBuildFile section */
		139EC79322522968006DD2B1 /* AppDelegate.swift in Sources */ = {isa = PBXBuildFile; fileRef = 139EC79222522968006DD2B1 /* AppDelegate.swift */; };
		139EC79522522968006DD2B1 /* MapViewController.swift in Sources */ = {isa = PBXBuildFile; fileRef = 139EC79422522968006DD2B1 /* MapViewController.swift */; };
		139EC79822522968006DD2B1 /* Main.storyboard in Resources */ = {isa = PBXBuildFile; fileRef = 139EC79622522968006DD2B1 /* Main.storyboard */; };
		139EC79A22522969006DD2B1 /* Assets.xcassets in Resources */ = {isa = PBXBuildFile; fileRef = 139EC79922522969006DD2B1 /* Assets.xcassets */; };
		139EC79D22522969006DD2B1 /* LaunchScreen.storyboard in Resources */ = {isa = PBXBuildFile; fileRef = 139EC79B22522969006DD2B1 /* LaunchScreen.storyboard */; };
		38675B48227715A20015A5F8 /* GoogleService-Info.plist in Resources */ = {isa = PBXBuildFile; fileRef = 38675B47227715A20015A5F8 /* GoogleService-Info.plist */; };
		38E4181622538E210031C5C1 /* SecondViewController.swift in Sources */ = {isa = PBXBuildFile; fileRef = 38E4181522538E210031C5C1 /* SecondViewController.swift */; };
		A3B86262225235E300DAC19D /* CustomAnnotation.swift in Sources */ = {isa = PBXBuildFile; fileRef = A3B86261225235E300DAC19D /* CustomAnnotation.swift */; };
		E2407207227277C20085E4A1 /* ThirdViewController.swift in Sources */ = {isa = PBXBuildFile; fileRef = E2407206227277C20085E4A1 /* ThirdViewController.swift */; };
		EC6C0E51B08A14CB644B409F /* Pods_Fitness_App.framework in Frameworks */ = {isa = PBXBuildFile; fileRef = 2BD9088086883EDC2B8F94E0 /* Pods_Fitness_App.framework */; };
/* End PBXBuildFile section */

/* Begin PBXFileReference section */
		139EC78F22522968006DD2B1 /* Fitness App.app */ = {isa = PBXFileReference; explicitFileType = wrapper.application; includeInIndex = 0; path = "Fitness App.app"; sourceTree = BUILT_PRODUCTS_DIR; };
		139EC79222522968006DD2B1 /* AppDelegate.swift */ = {isa = PBXFileReference; lastKnownFileType = sourcecode.swift; path = AppDelegate.swift; sourceTree = "<group>"; };
		139EC79422522968006DD2B1 /* MapViewController.swift */ = {isa = PBXFileReference; lastKnownFileType = sourcecode.swift; path = MapViewController.swift; sourceTree = "<group>"; };
		139EC79722522968006DD2B1 /* Base */ = {isa = PBXFileReference; lastKnownFileType = file.storyboard; name = Base; path = Base.lproj/Main.storyboard; sourceTree = "<group>"; };
		139EC79922522969006DD2B1 /* Assets.xcassets */ = {isa = PBXFileReference; lastKnownFileType = folder.assetcatalog; path = Assets.xcassets; sourceTree = "<group>"; };
		139EC79C22522969006DD2B1 /* Base */ = {isa = PBXFileReference; lastKnownFileType = file.storyboard; name = Base; path = Base.lproj/LaunchScreen.storyboard; sourceTree = "<group>"; };
		139EC79E22522969006DD2B1 /* Info.plist */ = {isa = PBXFileReference; lastKnownFileType = text.plist.xml; path = Info.plist; sourceTree = "<group>"; };
		2BD9088086883EDC2B8F94E0 /* Pods_Fitness_App.framework */ = {isa = PBXFileReference; explicitFileType = wrapper.framework; includeInIndex = 0; path = Pods_Fitness_App.framework; sourceTree = BUILT_PRODUCTS_DIR; };
		38675B47227715A20015A5F8 /* GoogleService-Info.plist */ = {isa = PBXFileReference; fileEncoding = 4; lastKnownFileType = text.plist.xml; path = "GoogleService-Info.plist"; sourceTree = "<group>"; };
		38E4181522538E210031C5C1 /* SecondViewController.swift */ = {isa = PBXFileReference; lastKnownFileType = sourcecode.swift; path = SecondViewController.swift; sourceTree = "<group>"; };
		6D19716118D03790BF5265D8 /* Pods-Fitness App.release.xcconfig */ = {isa = PBXFileReference; includeInIndex = 1; lastKnownFileType = text.xcconfig; name = "Pods-Fitness App.release.xcconfig"; path = "Pods/Target Support Files/Pods-Fitness App/Pods-Fitness App.release.xcconfig"; sourceTree = "<group>"; };
		A3B86261225235E300DAC19D /* CustomAnnotation.swift */ = {isa = PBXFileReference; lastKnownFileType = sourcecode.swift; path = CustomAnnotation.swift; sourceTree = "<group>"; };
		E2407206227277C20085E4A1 /* ThirdViewController.swift */ = {isa = PBXFileReference; lastKnownFileType = sourcecode.swift; path = ThirdViewController.swift; sourceTree = "<group>"; };
		E2E93AFE3BAACC0C8CAC7ED5 /* Pods-Fitness App.debug.xcconfig */ = {isa = PBXFileReference; includeInIndex = 1; lastKnownFileType = text.xcconfig; name = "Pods-Fitness App.debug.xcconfig"; path = "Pods/Target Support Files/Pods-Fitness App/Pods-Fitness App.debug.xcconfig"; sourceTree = "<group>"; };
		E2F1DD4B2253863E004FFD24 /* Location.gpx */ = {isa = PBXFileReference; lastKnownFileType = text.xml; path = Location.gpx; sourceTree = "<group>"; };
/* End PBXFileReference section */

/* Begin PBXFrameworksBuildPhase section */
		139EC78C22522968006DD2B1 /* Frameworks */ = {
			isa = PBXFrameworksBuildPhase;
			buildActionMask = 2147483647;
			files = (
				EC6C0E51B08A14CB644B409F /* Pods_Fitness_App.framework in Frameworks */,
			);
			runOnlyForDeploymentPostprocessing = 0;
		};
/* End PBXFrameworksBuildPhase section */

/* Begin PBXGroup section */
		139EC78622522968006DD2B1 = {
			isa = PBXGroup;
			children = (
				139EC79122522968006DD2B1 /* Fitness App */,
				139EC79022522968006DD2B1 /* Products */,
				4B90E09C4AA6CD15872E1160 /* Pods */,
				A2DD48826EBC9710F8CCEAD5 /* Frameworks */,
			);
			sourceTree = "<group>";
		};
		139EC79022522968006DD2B1 /* Products */ = {
			isa = PBXGroup;
			children = (
				139EC78F22522968006DD2B1 /* Fitness App.app */,
			);
			name = Products;
			sourceTree = "<group>";
		};
		139EC79122522968006DD2B1 /* Fitness App */ = {
			isa = PBXGroup;
			children = (
				139EC79222522968006DD2B1 /* AppDelegate.swift */,
				139EC79422522968006DD2B1 /* MapViewController.swift */,
				38E4181522538E210031C5C1 /* SecondViewController.swift */,
				E2407206227277C20085E4A1 /* ThirdViewController.swift */,
				E2F1DD4B2253863E004FFD24 /* Location.gpx */,
				A3B86261225235E300DAC19D /* CustomAnnotation.swift */,
				139EC79622522968006DD2B1 /* Main.storyboard */,
				139EC79922522969006DD2B1 /* Assets.xcassets */,
				139EC79B22522969006DD2B1 /* LaunchScreen.storyboard */,
				38675B47227715A20015A5F8 /* GoogleService-Info.plist */,
				139EC79E22522969006DD2B1 /* Info.plist */,
			);
			path = "Fitness App";
			sourceTree = "<group>";
		};
		4B90E09C4AA6CD15872E1160 /* Pods */ = {
			isa = PBXGroup;
			children = (
				E2E93AFE3BAACC0C8CAC7ED5 /* Pods-Fitness App.debug.xcconfig */,
				6D19716118D03790BF5265D8 /* Pods-Fitness App.release.xcconfig */,
			);
			name = Pods;
			sourceTree = "<group>";
		};
		A2DD48826EBC9710F8CCEAD5 /* Frameworks */ = {
			isa = PBXGroup;
			children = (
				2BD9088086883EDC2B8F94E0 /* Pods_Fitness_App.framework */,
			);
			name = Frameworks;
			sourceTree = "<group>";
		};
/* End PBXGroup section */

/* Begin PBXNativeTarget section */
		139EC78E22522968006DD2B1 /* Fitness App */ = {
			isa = PBXNativeTarget;
			buildConfigurationList = 139EC7A122522969006DD2B1 /* Build configuration list for PBXNativeTarget "Fitness App" */;
			buildPhases = (
				01EC6EC78749AF27DE070F5C /* [CP] Check Pods Manifest.lock */,
				139EC78B22522968006DD2B1 /* Sources */,
				139EC78C22522968006DD2B1 /* Frameworks */,
				139EC78D22522968006DD2B1 /* Resources */,
				661F2E1E774672C6E3D06207 /* [CP] Embed Pods Frameworks */,
			);
			buildRules = (
			);
			dependencies = (
			);
			name = "Fitness App";
			productName = "Fitness App";
			productReference = 139EC78F22522968006DD2B1 /* Fitness App.app */;
			productType = "com.apple.product-type.application";
		};
/* End PBXNativeTarget section */

/* Begin PBXProject section */
		139EC78722522968006DD2B1 /* Project object */ = {
			isa = PBXProject;
			attributes = {
				LastSwiftUpdateCheck = 1000;
				LastUpgradeCheck = 1000;
				ORGANIZATIONNAME = "Daniel Dodds (s5119004)";
				TargetAttributes = {
					139EC78E22522968006DD2B1 = {
						CreatedOnToolsVersion = 10.0;
					};
				};
			};
			buildConfigurationList = 139EC78A22522968006DD2B1 /* Build configuration list for PBXProject "Fitness App" */;
			compatibilityVersion = "Xcode 9.3";
			developmentRegion = en;
			hasScannedForEncodings = 0;
			knownRegions = (
				en,
				Base,
			);
			mainGroup = 139EC78622522968006DD2B1;
			productRefGroup = 139EC79022522968006DD2B1 /* Products */;
			projectDirPath = "";
			projectRoot = "";
			targets = (
				139EC78E22522968006DD2B1 /* Fitness App */,
			);
		};
/* End PBXProject section */

/* Begin PBXResourcesBuildPhase section */
		139EC78D22522968006DD2B1 /* Resources */ = {
			isa = PBXResourcesBuildPhase;
			buildActionMask = 2147483647;
			files = (
				139EC79D22522969006DD2B1 /* LaunchScreen.storyboard in Resources */,
				38675B48227715A20015A5F8 /* GoogleService-Info.plist in Resources */,
				139EC79A22522969006DD2B1 /* Assets.xcassets in Resources */,
				139EC79822522968006DD2B1 /* Main.storyboard in Resources */,
			);
			runOnlyForDeploymentPostprocessing = 0;
		};
/* End PBXResourcesBuildPhase section */

/* Begin PBXShellScriptBuildPhase section */
		01EC6EC78749AF27DE070F5C /* [CP] Check Pods Manifest.lock */ = {
			isa = PBXShellScriptBuildPhase;
			buildActionMask = 2147483647;
			files = (
			);
			inputFileListPaths = (
			);
			inputPaths = (
				"${PODS_PODFILE_DIR_PATH}/Podfile.lock",
				"${PODS_ROOT}/Manifest.lock",
			);
			name = "[CP] Check Pods Manifest.lock";
			outputFileListPaths = (
			);
			outputPaths = (
				"$(DERIVED_FILE_DIR)/Pods-Fitness App-checkManifestLockResult.txt",
			);
			runOnlyForDeploymentPostprocessing = 0;
			shellPath = /bin/sh;
			shellScript = "diff \"${PODS_PODFILE_DIR_PATH}/Podfile.lock\" \"${PODS_ROOT}/Manifest.lock\" > /dev/null\nif [ $? != 0 ] ; then\n    # print error to STDERR\n    echo \"error: The sandbox is not in sync with the Podfile.lock. Run 'pod install' or update your CocoaPods installation.\" >&2\n    exit 1\nfi\n# This output is used by Xcode 'outputs' to avoid re-running this script phase.\necho \"SUCCESS\" > \"${SCRIPT_OUTPUT_FILE_0}\"\n";
			showEnvVarsInLog = 0;
		};
		661F2E1E774672C6E3D06207 /* [CP] Embed Pods Frameworks */ = {
			isa = PBXShellScriptBuildPhase;
			buildActionMask = 2147483647;
			files = (
			);
			inputFileListPaths = (
			);
			inputPaths = (
				"${SRCROOT}/Pods/Target Support Files/Pods-Fitness App/Pods-Fitness App-frameworks.sh",
				"${BUILT_PRODUCTS_DIR}/BoringSSL-GRPC/openssl_grpc.framework",
				"${BUILT_PRODUCTS_DIR}/GoogleUtilities/GoogleUtilities.framework",
				"${BUILT_PRODUCTS_DIR}/Protobuf/Protobuf.framework",
				"${BUILT_PRODUCTS_DIR}/gRPC-C++/grpcpp.framework",
				"${BUILT_PRODUCTS_DIR}/gRPC-Core/grpc.framework",
				"${BUILT_PRODUCTS_DIR}/leveldb-library/leveldb.framework",
				"${BUILT_PRODUCTS_DIR}/nanopb/nanopb.framework",
			);
			name = "[CP] Embed Pods Frameworks";
			outputFileListPaths = (
			);
			outputPaths = (
				"${TARGET_BUILD_DIR}/${FRAMEWORKS_FOLDER_PATH}/openssl_grpc.framework",
				"${TARGET_BUILD_DIR}/${FRAMEWORKS_FOLDER_PATH}/GoogleUtilities.framework",
				"${TARGET_BUILD_DIR}/${FRAMEWORKS_FOLDER_PATH}/Protobuf.framework",
				"${TARGET_BUILD_DIR}/${FRAMEWORKS_FOLDER_PATH}/grpcpp.framework",
				"${TARGET_BUILD_DIR}/${FRAMEWORKS_FOLDER_PATH}/grpc.framework",
				"${TARGET_BUILD_DIR}/${FRAMEWORKS_FOLDER_PATH}/leveldb.framework",
				"${TARGET_BUILD_DIR}/${FRAMEWORKS_FOLDER_PATH}/nanopb.framework",
			);
			runOnlyForDeploymentPostprocessing = 0;
			shellPath = /bin/sh;
			shellScript = "\"${SRCROOT}/Pods/Target Support Files/Pods-Fitness App/Pods-Fitness App-frameworks.sh\"\n";
			showEnvVarsInLog = 0;
		};
/* End PBXShellScriptBuildPhase section */

/* Begin PBXSourcesBuildPhase section */
		139EC78B22522968006DD2B1 /* Sources */ = {
			isa = PBXSourcesBuildPhase;
			buildActionMask = 2147483647;
			files = (
				139EC79522522968006DD2B1 /* MapViewController.swift in Sources */,
				139EC79322522968006DD2B1 /* AppDelegate.swift in Sources */,
				E2407207227277C20085E4A1 /* ThirdViewController.swift in Sources */,
				38E4181622538E210031C5C1 /* SecondViewController.swift in Sources */,
				A3B86262225235E300DAC19D /* CustomAnnotation.swift in Sources */,
			);
			runOnlyForDeploymentPostprocessing = 0;
		};
/* End PBXSourcesBuildPhase section */

/* Begin PBXVariantGroup section */
		139EC79622522968006DD2B1 /* Main.storyboard */ = {
			isa = PBXVariantGroup;
			children = (
				139EC79722522968006DD2B1 /* Base */,
			);
			name = Main.storyboard;
			sourceTree = "<group>";
		};
		139EC79B22522969006DD2B1 /* LaunchScreen.storyboard */ = {
			isa = PBXVariantGroup;
			children = (
				139EC79C22522969006DD2B1 /* Base */,
			);
			name = LaunchScreen.storyboard;
			sourceTree = "<group>";
		};
/* End PBXVariantGroup section */

/* Begin XCBuildConfiguration section */
		139EC79F22522969006DD2B1 /* Debug */ = {
			isa = XCBuildConfiguration;
			buildSettings = {
				ALWAYS_SEARCH_USER_PATHS = NO;
				CLANG_ANALYZER_NONNULL = YES;
				CLANG_ANALYZER_NUMBER_OBJECT_CONVERSION = YES_AGGRESSIVE;
				CLANG_CXX_LANGUAGE_STANDARD = "gnu++14";
				CLANG_CXX_LIBRARY = "libc++";
				CLANG_ENABLE_MODULES = YES;
				CLANG_ENABLE_OBJC_ARC = YES;
				CLANG_ENABLE_OBJC_WEAK = YES;
				CLANG_WARN_BLOCK_CAPTURE_AUTORELEASING = YES;
				CLANG_WARN_BOOL_CONVERSION = YES;
				CLANG_WARN_COMMA = YES;
				CLANG_WARN_CONSTANT_CONVERSION = YES;
				CLANG_WARN_DEPRECATED_OBJC_IMPLEMENTATIONS = YES;
				CLANG_WARN_DIRECT_OBJC_ISA_USAGE = YES_ERROR;
				CLANG_WARN_DOCUMENTATION_COMMENTS = YES;
				CLANG_WARN_EMPTY_BODY = YES;
				CLANG_WARN_ENUM_CONVERSION = YES;
				CLANG_WARN_INFINITE_RECURSION = YES;
				CLANG_WARN_INT_CONVERSION = YES;
				CLANG_WARN_NON_LITERAL_NULL_CONVERSION = YES;
				CLANG_WARN_OBJC_IMPLICIT_RETAIN_SELF = YES;
				CLANG_WARN_OBJC_LITERAL_CONVERSION = YES;
				CLANG_WARN_OBJC_ROOT_CLASS = YES_ERROR;
				CLANG_WARN_RANGE_LOOP_ANALYSIS = YES;
				CLANG_WARN_STRICT_PROTOTYPES = YES;
				CLANG_WARN_SUSPICIOUS_MOVE = YES;
				CLANG_WARN_UNGUARDED_AVAILABILITY = YES_AGGRESSIVE;
				CLANG_WARN_UNREACHABLE_CODE = YES;
				CLANG_WARN__DUPLICATE_METHOD_MATCH = YES;
				CODE_SIGN_IDENTITY = "iPhone Developer";
				COPY_PHASE_STRIP = NO;
				DEBUG_INFORMATION_FORMAT = dwarf;
				ENABLE_STRICT_OBJC_MSGSEND = YES;
				ENABLE_TESTABILITY = YES;
				GCC_C_LANGUAGE_STANDARD = gnu11;
				GCC_DYNAMIC_NO_PIC = NO;
				GCC_NO_COMMON_BLOCKS = YES;
				GCC_OPTIMIZATION_LEVEL = 0;
				GCC_PREPROCESSOR_DEFINITIONS = (
					"DEBUG=1",
					"$(inherited)",
				);
				GCC_WARN_64_TO_32_BIT_CONVERSION = YES;
				GCC_WARN_ABOUT_RETURN_TYPE = YES_ERROR;
				GCC_WARN_UNDECLARED_SELECTOR = YES;
				GCC_WARN_UNINITIALIZED_AUTOS = YES_AGGRESSIVE;
				GCC_WARN_UNUSED_FUNCTION = YES;
				GCC_WARN_UNUSED_VARIABLE = YES;
				IPHONEOS_DEPLOYMENT_TARGET = 12.0;
				MTL_ENABLE_DEBUG_INFO = INCLUDE_SOURCE;
				MTL_FAST_MATH = YES;
				ONLY_ACTIVE_ARCH = YES;
				SDKROOT = iphoneos;
				SWIFT_ACTIVE_COMPILATION_CONDITIONS = DEBUG;
				SWIFT_OPTIMIZATION_LEVEL = "-Onone";
			};
			name = Debug;
		};
		139EC7A022522969006DD2B1 /* Release */ = {
			isa = XCBuildConfiguration;
			buildSettings = {
				ALWAYS_SEARCH_USER_PATHS = NO;
				CLANG_ANALYZER_NONNULL = YES;
				CLANG_ANALYZER_NUMBER_OBJECT_CONVERSION = YES_AGGRESSIVE;
				CLANG_CXX_LANGUAGE_STANDARD = "gnu++14";
				CLANG_CXX_LIBRARY = "libc++";
				CLANG_ENABLE_MODULES = YES;
				CLANG_ENABLE_OBJC_ARC = YES;
				CLANG_ENABLE_OBJC_WEAK = YES;
				CLANG_WARN_BLOCK_CAPTURE_AUTORELEASING = YES;
				CLANG_WARN_BOOL_CONVERSION = YES;
				CLANG_WARN_COMMA = YES;
				CLANG_WARN_CONSTANT_CONVERSION = YES;
				CLANG_WARN_DEPRECATED_OBJC_IMPLEMENTATIONS = YES;
				CLANG_WARN_DIRECT_OBJC_ISA_USAGE = YES_ERROR;
				CLANG_WARN_DOCUMENTATION_COMMENTS = YES;
				CLANG_WARN_EMPTY_BODY = YES;
				CLANG_WARN_ENUM_CONVERSION = YES;
				CLANG_WARN_INFINITE_RECURSION = YES;
				CLANG_WARN_INT_CONVERSION = YES;
				CLANG_WARN_NON_LITERAL_NULL_CONVERSION = YES;
				CLANG_WARN_OBJC_IMPLICIT_RETAIN_SELF = YES;
				CLANG_WARN_OBJC_LITERAL_CONVERSION = YES;
				CLANG_WARN_OBJC_ROOT_CLASS = YES_ERROR;
				CLANG_WARN_RANGE_LOOP_ANALYSIS = YES;
				CLANG_WARN_STRICT_PROTOTYPES = YES;
				CLANG_WARN_SUSPICIOUS_MOVE = YES;
				CLANG_WARN_UNGUARDED_AVAILABILITY = YES_AGGRESSIVE;
				CLANG_WARN_UNREACHABLE_CODE = YES;
				CLANG_WARN__DUPLICATE_METHOD_MATCH = YES;
				CODE_SIGN_IDENTITY = "iPhone Developer";
				COPY_PHASE_STRIP = NO;
				DEBUG_INFORMATION_FORMAT = "dwarf-with-dsym";
				ENABLE_NS_ASSERTIONS = NO;
				ENABLE_STRICT_OBJC_MSGSEND = YES;
				GCC_C_LANGUAGE_STANDARD = gnu11;
				GCC_NO_COMMON_BLOCKS = YES;
				GCC_WARN_64_TO_32_BIT_CONVERSION = YES;
				GCC_WARN_ABOUT_RETURN_TYPE = YES_ERROR;
				GCC_WARN_UNDECLARED_SELECTOR = YES;
				GCC_WARN_UNINITIALIZED_AUTOS = YES_AGGRESSIVE;
				GCC_WARN_UNUSED_FUNCTION = YES;
				GCC_WARN_UNUSED_VARIABLE = YES;
				IPHONEOS_DEPLOYMENT_TARGET = 12.0;
				MTL_ENABLE_DEBUG_INFO = NO;
				MTL_FAST_MATH = YES;
				SDKROOT = iphoneos;
				SWIFT_COMPILATION_MODE = wholemodule;
				SWIFT_OPTIMIZATION_LEVEL = "-O";
				VALIDATE_PRODUCT = YES;
			};
			name = Release;
		};
		139EC7A222522969006DD2B1 /* Debug */ = {
			isa = XCBuildConfiguration;
			baseConfigurationReference = E2E93AFE3BAACC0C8CAC7ED5 /* Pods-Fitness App.debug.xcconfig */;
			buildSettings = {
				ASSETCATALOG_COMPILER_APPICON_NAME = AppIcon;
				CODE_SIGN_STYLE = Automatic;
				INFOPLIST_FILE = "Fitness App/Info.plist";
				LD_RUNPATH_SEARCH_PATHS = (
					"$(inherited)",
					"@executable_path/Frameworks",
				);
				PRODUCT_BUNDLE_IDENTIFIER = "dandodds.Fitness-App";
				PRODUCT_NAME = "$(TARGET_NAME)";
				SWIFT_VERSION = 4.2;
				TARGETED_DEVICE_FAMILY = "1,2";
			};
			name = Debug;
		};
		139EC7A322522969006DD2B1 /* Release */ = {
			isa = XCBuildConfiguration;
			baseConfigurationReference = 6D19716118D03790BF5265D8 /* Pods-Fitness App.release.xcconfig */;
			buildSettings = {
				ASSETCATALOG_COMPILER_APPICON_NAME = AppIcon;
				CODE_SIGN_STYLE = Automatic;
				INFOPLIST_FILE = "Fitness App/Info.plist";
				LD_RUNPATH_SEARCH_PATHS = (
					"$(inherited)",
					"@executable_path/Frameworks",
				);
				PRODUCT_BUNDLE_IDENTIFIER = "dandodds.Fitness-App";
				PRODUCT_NAME = "$(TARGET_NAME)";
				SWIFT_VERSION = 4.2;
				TARGETED_DEVICE_FAMILY = "1,2";
			};
			name = Release;
		};
/* End XCBuildConfiguration section */

/* Begin XCConfigurationList section */
		139EC78A22522968006DD2B1 /* Build configuration list for PBXProject "Fitness App" */ = {
			isa = XCConfigurationList;
			buildConfigurations = (
				139EC79F22522969006DD2B1 /* Debug */,
				139EC7A022522969006DD2B1 /* Release */,
			);
			defaultConfigurationIsVisible = 0;
			defaultConfigurationName = Release;
		};
		139EC7A122522969006DD2B1 /* Build configuration list for PBXNativeTarget "Fitness App" */ = {
			isa = XCConfigurationList;
			buildConfigurations = (
				139EC7A222522969006DD2B1 /* Debug */,
				139EC7A322522969006DD2B1 /* Release */,
			);
			defaultConfigurationIsVisible = 0;
			defaultConfigurationName = Release;
		};
/* End XCConfigurationList section */
	};
	rootObject = 139EC78722522968006DD2B1 /* Project object */;
}
